{
  "originHash" : "944056b7ed6438af06aa572f2d570efbf9437d68d4617a21b3148e00642fb307",
  "pins" : [
    {
      "identity" : "coretextswift",
      "kind" : "remoteSourceControl",
      "location" : "https://github.com/krzyzanowskim/CoreTextSwift",
      "state" : {
        "revision" : "833177201d6421e6322296f39fce6ff6ae52618a",
        "version" : "0.2.0"
      }
    },
    {
      "identity" : "fuzzymatch",
      "kind" : "remoteSourceControl",
      "location" : "https://github.com/ordo-one/FuzzyMatch",
      "state" : {
        "revision" : "ea09aa7faa3c1832716d1ccdb81dcb83bea89774",
        "version" : "1.4.0"
      }
    },
    {
      "identity" : "msdisplaylink",
      "kind" : "remoteSourceControl",
      "location" : "https://github.com/Lakr233/MSDisplayLink.git",
      "state" : {
        "revision" : "1ba3e769b734e456317fa7e45321fa7f53eefb67",
        "version" : "2.1.0"
      }
    },
    {
      "identity" : "neon",
      "kind" : "remoteSourceControl",
      "location" : "https://github.com/kylemacomber/Neon",
      "state" : {
        "branch" : "ce8d252",
        "revision" : "ce8d252c8fd53ea0b6960e02c423315eef11f141"
      }
    },
    {
      "identity" : "pierrediffsswift",
      "kind" : "remoteSourceControl",
      "location" : "https://github.com/egoist-labs/PierreDiffsSwift",
      "state" : {
        "revision" : "3713d29360b750d3d6146b187ff3b77b7d498fee",
        "version" : "1.5.0"
      }
    },
    {
      "identity" : "rearrange",
      "kind" : "remoteSourceControl",
      "location" : "https://github.com/ChimeHQ/Rearrange",
      "state" : {
        "revision" : "5ff7f3363f7a08f77e0d761e38e6add31c2136e1",
        "version" : "1.8.1"
      }
    },
    {
      "identity" : "sparkle",
      "kind" : "remoteSourceControl",
      "location" : "https://github.com/sparkle-project/Sparkle",
      "state" : {
        "revision" : "b6496a74a087257ef5e6da1c5b29a447a60f5bd7",
        "version" : "2.9.4"
      }
    },
    {
      "identity" : "sttextkitplus",
      "kind" : "remoteSourceControl",
      "location" : "https://github.com/krzyzanowskim/STTextKitPlus",
      "state" : {
        "revision" : "2ee74906f4d753458eeaa9a2f6d4538aacb86a1d",
        "version" : "0.3.0"
      }
    },
    {
      "identity" : "sttextview-plugin-neon",
      "kind" : "remoteSourceControl",
      "location" : "https://github.com/krzyzanowskim/STTextView-Plugin-Neon",
      "state" : {
        "revision" : "5a30db4ce7908a5414e7b499e2379bdc49991cd1"
      }
    },
    {
      "identity" : "swifttreesitter",
      "kind" : "remoteSourceControl",
      "location" : "https://github.com/ChimeHQ/SwiftTreeSitter",
      "state" : {
        "revision" : "08ef81eb8620617b55b08868126707ad72bf754f",
        "version" : "0.25.0"
      }
    },
    {
      "identity" : "tree-sitter",
      "kind" : "remoteSourceControl",
      "location" : "https://github.com/tree-sitter/tree-sitter",
      "state" : {
        "revision" : "da6fe9beb4f7f67beb75914ca8e0d48ae48d6406",
        "version" : "0.25.10"
      }
    }
  ],
  "version" : 3
}
