// !$*UTF8*$!
{
	archiveVersion = 1;
	classes = {
	};
	objectVersion = 77;
	objects = {

/* Begin PBXBuildFile section */
		AA10000000000000000000B2 /* GhosttyTerminal in Frameworks */ = {isa = PBXBuildFile; productRef = AA10000000000000000000B1 /* GhosttyTerminal */; };
		AA10000000000000000000B4 /* GhosttyTheme in Frameworks */ = {isa = PBXBuildFile; productRef = AA10000000000000000000B3 /* GhosttyTheme */; };
		AA10000000000000000000C2 /* STTextView in Frameworks */ = {isa = PBXBuildFile; productRef = AA10000000000000000000C1 /* STTextView */; };
		AA10000000000000000000E2 /* Sparkle in Frameworks */ = {isa = PBXBuildFile; productRef = AA10000000000000000000E1 /* Sparkle */; };
		AA20000000000000000000A2 /* STTextView-Plugin-Neon in Frameworks */ = {isa = PBXBuildFile; productRef = AA20000000000000000000A1 /* STTextView-Plugin-Neon */; };
		AA30000000000000000000A2 /* TreeSitterTSX in Frameworks */ = {isa = PBXBuildFile; productRef = AA30000000000000000000A1 /* TreeSitterTSX */; };
		AA60000000000000000000A2 /* FuzzyMatch in Frameworks */ = {isa = PBXBuildFile; productRef = AA60000000000000000000A1 /* FuzzyMatch */; };
		FF519F43300BBE2100D8B982 /* PierreDiffsSwift in Frameworks */ = {isa = PBXBuildFile; productRef = AA10000000000000000000D1 /* PierreDiffsSwift */; };
/* End PBXBuildFile section */

/* Begin PBXFileReference section */
		AA50000000000000000000A0 /* Debug.xcconfig */ = {isa = PBXFileReference; lastKnownFileType = text.xcconfig; path = Debug.xcconfig; sourceTree = "<group>"; };
		AA50000000000000000000A1 /* Local.example.xcconfig */ = {isa = PBXFileReference; lastKnownFileType = text.xcconfig; path = Local.example.xcconfig; sourceTree = "<group>"; };
		AA10000000000000000000C3 /* STTextView */ = {isa = PBXFileReference; lastKnownFileType = wrapper; name = STTextView; path = Vendor/STTextView; sourceTree = "<group>"; };
		FF3FDD73300B6A7400112486 /* zshell Debug.app */ = {isa = PBXFileReference; explicitFileType = wrapper.application; includeInIndex = 0; path = "zshell Debug.app"; sourceTree = BUILT_PRODUCTS_DIR; };
/* End PBXFileReference section */

/* Begin PBXFileSystemSynchronizedBuildFileExceptionSet section */
		AA10000000000000000000F0 /* Exceptions for "zshell" folder in "zshell" target */ = {
			isa = PBXFileSystemSynchronizedBuildFileExceptionSet;
			membershipExceptions = (
				Info.plist,
			);
			target = FF3FDD72300B6A7400112486 /* zshell */;
		};
/* End PBXFileSystemSynchronizedBuildFileExceptionSet section */

/* Begin PBXFileSystemSynchronizedRootGroup section */
		FF3FDD75300B6A7400112486 /* zshell */ = {
			isa = PBXFileSystemSynchronizedRootGroup;
			exceptions = (
				AA10000000000000000000F0 /* Exceptions for "zshell" folder in "zshell" target */,
			);
			path = zshell;
			sourceTree = "<group>";
		};
/* End PBXFileSystemSynchronizedRootGroup section */

/* Begin PBXFrameworksBuildPhase section */
		FF3FDD70300B6A7400112486 /* Frameworks */ = {
			isa = PBXFrameworksBuildPhase;
			files = (
				FF519F43300BBE2100D8B982 /* PierreDiffsSwift in Frameworks */,
				AA10000000000000000000B2 /* GhosttyTerminal in Frameworks */,
				AA10000000000000000000B4 /* GhosttyTheme in Frameworks */,
				AA10000000000000000000C2 /* STTextView in Frameworks */,
				AA10000000000000000000E2 /* Sparkle in Frameworks */,
				AA20000000000000000000A2 /* STTextView-Plugin-Neon in Frameworks */,
				AA30000000000000000000A2 /* TreeSitterTSX in Frameworks */,
				AA60000000000000000000A2 /* FuzzyMatch in Frameworks */,
			);
		};
/* End PBXFrameworksBuildPhase section */

/* Begin PBXGroup section */
		AA50000000000000000000A2 /* Config */ = {
			isa = PBXGroup;
			children = (
				AA50000000000000000000A0 /* Debug.xcconfig */,
				AA50000000000000000000A1 /* Local.example.xcconfig */,
			);
			path = Config;
			sourceTree = "<group>";
		};
		FF3FDD6A300B6A7400112486 = {
			isa = PBXGroup;
			children = (
				AA50000000000000000000A2 /* Config */,
				FF3FDD75300B6A7400112486 /* zshell */,
				AA10000000000000000000C3 /* STTextView */,
				FF3FDD74300B6A7400112486 /* Products */,
			);
			sourceTree = "<group>";
		};
		FF3FDD74300B6A7400112486 /* Products */ = {
			isa = PBXGroup;
			children = (
				FF3FDD73300B6A7400112486 /* zshell Debug.app */,
			);
			name = Products;
			sourceTree = "<group>";
		};
/* End PBXGroup section */

/* Begin PBXNativeTarget section */
		FF3FDD72300B6A7400112486 /* zshell */ = {
			isa = PBXNativeTarget;
			buildConfigurationList = FF3FDD7E300B6A7600112486 /* Build configuration list for PBXNativeTarget "zshell" */;
			buildPhases = (
				AA40000000000000000000A0 /* Build Alacritty bridge */,
				FF3FDD6F300B6A7400112486 /* Sources */,
				FF3FDD70300B6A7400112486 /* Frameworks */,
				FF3FDD71300B6A7400112486 /* Resources */,
			);
			buildRules = (
			);
			fileSystemSynchronizedGroups = (
				FF3FDD75300B6A7400112486 /* zshell */,
			);
			name = zshell;
			packageProductDependencies = (
				AA10000000000000000000B1 /* GhosttyTerminal */,
				AA10000000000000000000B3 /* GhosttyTheme */,
				AA10000000000000000000C1 /* STTextView */,
				AA10000000000000000000D1 /* PierreDiffsSwift */,
				AA10000000000000000000E1 /* Sparkle */,
				AA20000000000000000000A1 /* STTextView-Plugin-Neon */,
				AA30000000000000000000A1 /* TreeSitterTSX */,
				AA60000000000000000000A1 /* FuzzyMatch */,
			);
			productName = zshell;
			productReference = FF3FDD73300B6A7400112486 /* zshell Debug.app */;
			productType = "com.apple.product-type.application";
		};
/* End PBXNativeTarget section */

/* Begin PBXProject section */
		FF3FDD6B300B6A7400112486 /* Project object */ = {
			isa = PBXProject;
			attributes = {
				BuildIndependentTargetsInParallel = 1;
				LastSwiftUpdateCheck = 2700;
				LastUpgradeCheck = 2700;
				TargetAttributes = {
					FF3FDD72300B6A7400112486 = {
						CreatedOnToolsVersion = 27.0;
					};
				};
			};
			buildConfigurationList = FF3FDD6E300B6A7400112486 /* Build configuration list for PBXProject "zshell" */;
			developmentRegion = en;
			hasScannedForEncodings = 0;
			knownRegions = (
				en,
				ja,
				"zh-Hans",
				Base,
			);
			mainGroup = FF3FDD6A300B6A7400112486;
			minimizedProjectReferenceProxies = 1;
			packageReferences = (
				AA10000000000000000000B0 /* XCLocalSwiftPackageReference "Vendor/libghostty-spm" */,
				AA30000000000000000000A0 /* XCLocalSwiftPackageReference "Vendor/TreeSitterTSX" */,
				AA10000000000000000000D0 /* XCLocalSwiftPackageReference "Vendor/PierreDiffsSwift" */,
				AA10000000000000000000E0 /* XCLocalSwiftPackageReference "Vendor/Sparkle" */,
				AA20000000000000000000A0 /* XCLocalSwiftPackageReference "Vendor/STTextView-Plugin-Neon" */,
				AA60000000000000000000A0 /* XCLocalSwiftPackageReference "Vendor/FuzzyMatch" */,
			);
			preferredProjectObjectVersion = 77;
			productRefGroup = FF3FDD74300B6A7400112486 /* Products */;
			projectDirPath = "";
			projectRoot = "";
			targets = (
				FF3FDD72300B6A7400112486 /* zshell */,
			);
		};
/* End PBXProject section */

/* Begin PBXResourcesBuildPhase section */
		FF3FDD71300B6A7400112486 /* Resources */ = {
			isa = PBXResourcesBuildPhase;
			files = (
			);
		};
/* End PBXResourcesBuildPhase section */

/* Begin PBXShellScriptBuildPhase section */
		AA40000000000000000000A0 /* Build Alacritty bridge */ = {
			isa = PBXShellScriptBuildPhase;
			inputPaths = (
				"$(SRCROOT)/Vendor/alacritty-bridge/Cargo.lock",
				"$(SRCROOT)/Vendor/alacritty-bridge/Cargo.toml",
				"$(SRCROOT)/Vendor/alacritty-bridge/src/graphics_event_loop.rs",
				"$(SRCROOT)/Vendor/alacritty-bridge/src/kitty_graphics.rs",
				"$(SRCROOT)/Vendor/alacritty-bridge/src/kitty_graphics_tracking.rs",
				"$(SRCROOT)/Vendor/alacritty-bridge/src/lib.rs",
				"$(SRCROOT)/scripts/build-alacritty-bridge.sh",
			);
			name = "Build Alacritty bridge";
			outputPaths = (
				"$(BUILT_PRODUCTS_DIR)/alacritty-bridge/libzshell_alacritty.a",
			);
			shellPath = /bin/zsh;
			shellScript = (
				"\"${SRCROOT}/scripts/build-alacritty-bridge.sh\"",
				"",
			);
		};
/* End PBXShellScriptBuildPhase section */

/* Begin PBXSourcesBuildPhase section */
		FF3FDD6F300B6A7400112486 /* Sources */ = {
			isa = PBXSourcesBuildPhase;
			files = (
			);
		};
/* End PBXSourcesBuildPhase section */

/* Begin XCBuildConfiguration section */
		FF3FDD7C300B6A7600112486 /* Debug configuration for PBXProject "zshell" */ = {
			isa = XCBuildConfiguration;
			buildSettings = {
				ALWAYS_SEARCH_USER_PATHS = NO;
				ASSETCATALOG_COMPILER_GENERATE_SWIFT_ASSET_SYMBOL_EXTENSIONS = YES;
				CLANG_ANALYZER_NONNULL = YES;
				CLANG_ANALYZER_NUMBER_OBJECT_CONVERSION = YES_AGGRESSIVE;
				CLANG_CXX_LANGUAGE_STANDARD = "gnu++20";
				CLANG_ENABLE_MODULES = YES;
				CLANG_ENABLE_OBJC_ARC = YES;
				CLANG_ENABLE_OBJC_WEAK = YES;
				CLANG_WARN_BLOCK_CAPTURE_AUTORELEASING = YES;
				CLANG_WARN_BOOL_CONVERSION = YES;
				CLANG_WARN_COMMA = YES;
				CLANG_WARN_CONSTANT_CONVERSION = YES;
				CLANG_WARN_DEPRECATED_OBJC_IMPLEMENTATIONS = YES;
				CLANG_WARN_DIRECT_OBJC_ISA_USAGE = YES_ERROR;
				CLANG_WARN_DOCUMENTATION_COMMENTS = YES;
				CLANG_WARN_EMPTY_BODY = YES;
				CLANG_WARN_ENUM_CONVERSION = YES;
				CLANG_WARN_INFINITE_RECURSION = YES;
				CLANG_WARN_INT_CONVERSION = YES;
				CLANG_WARN_NON_LITERAL_NULL_CONVERSION = YES;
				CLANG_WARN_OBJC_IMPLICIT_RETAIN_SELF = YES;
				CLANG_WARN_OBJC_LITERAL_CONVERSION = YES;
				CLANG_WARN_OBJC_ROOT_CLASS = YES_ERROR;
				CLANG_WARN_QUOTED_INCLUDE_IN_FRAMEWORK_HEADER = YES;
				CLANG_WARN_RANGE_LOOP_ANALYSIS = YES;
				CLANG_WARN_STRICT_PROTOTYPES = YES;
				CLANG_WARN_SUSPICIOUS_MOVE = YES;
				CLANG_WARN_UNGUARDED_AVAILABILITY = YES_AGGRESSIVE;
				CLANG_WARN_UNREACHABLE_CODE = YES;
				CLANG_WARN__DUPLICATE_METHOD_MATCH = YES;
				COPY_PHASE_STRIP = NO;
				DEBUG_INFORMATION_FORMAT = dwarf;
				ENABLE_STRICT_OBJC_MSGSEND = YES;
				ENABLE_TESTABILITY = YES;
				ENABLE_USER_SCRIPT_SANDBOXING = YES;
				GCC_C_LANGUAGE_STANDARD = gnu17;
				GCC_DYNAMIC_NO_PIC = NO;
				GCC_NO_COMMON_BLOCKS = YES;
				GCC_OPTIMIZATION_LEVEL = 0;
				GCC_PREPROCESSOR_DEFINITIONS = (
					"DEBUG=1",
					"$(inherited)",
				);
				GCC_WARN_64_TO_32_BIT_CONVERSION = YES;
				GCC_WARN_ABOUT_RETURN_TYPE = YES_ERROR;
				GCC_WARN_UNDECLARED_SELECTOR = YES;
				GCC_WARN_UNINITIALIZED_AUTOS = YES_AGGRESSIVE;
				GCC_WARN_UNUSED_FUNCTION = YES;
				GCC_WARN_UNUSED_VARIABLE = YES;
				LOCALIZATION_PREFERS_STRING_CATALOGS = YES;
				MACOSX_DEPLOYMENT_TARGET = 27.0;
				MTL_ENABLE_DEBUG_INFO = INCLUDE_SOURCE;
				MTL_FAST_MATH = YES;
				ONLY_ACTIVE_ARCH = YES;
				SDKROOT = macosx;
				SWIFT_ACTIVE_COMPILATION_CONDITIONS = "DEBUG $(inherited)";
				SWIFT_OPTIMIZATION_LEVEL = "-Onone";
			};
			name = Debug;
		};
		FF3FDD7D300B6A7600112486 /* Release configuration for PBXProject "zshell" */ = {
			isa = XCBuildConfiguration;
			buildSettings = {
				ALWAYS_SEARCH_USER_PATHS = NO;
				ASSETCATALOG_COMPILER_GENERATE_SWIFT_ASSET_SYMBOL_EXTENSIONS = YES;
				CLANG_ANALYZER_NONNULL = YES;
				CLANG_ANALYZER_NUMBER_OBJECT_CONVERSION = YES_AGGRESSIVE;
				CLANG_CXX_LANGUAGE_STANDARD = "gnu++20";
				CLANG_ENABLE_MODULES = YES;
				CLANG_ENABLE_OBJC_ARC = YES;
				CLANG_ENABLE_OBJC_WEAK = YES;
				CLANG_WARN_BLOCK_CAPTURE_AUTORELEASING = YES;
				CLANG_WARN_BOOL_CONVERSION = YES;
				CLANG_WARN_COMMA = YES;
				CLANG_WARN_CONSTANT_CONVERSION = YES;
				CLANG_WARN_DEPRECATED_OBJC_IMPLEMENTATIONS = YES;
				CLANG_WARN_DIRECT_OBJC_ISA_USAGE = YES_ERROR;
				CLANG_WARN_DOCUMENTATION_COMMENTS = YES;
				CLANG_WARN_EMPTY_BODY = YES;
				CLANG_WARN_ENUM_CONVERSION = YES;
				CLANG_WARN_INFINITE_RECURSION = YES;
				CLANG_WARN_INT_CONVERSION = YES;
				CLANG_WARN_NON_LITERAL_NULL_CONVERSION = YES;
				CLANG_WARN_OBJC_IMPLICIT_RETAIN_SELF = YES;
				CLANG_WARN_OBJC_LITERAL_CONVERSION = YES;
				CLANG_WARN_OBJC_ROOT_CLASS = YES_ERROR;
				CLANG_WARN_QUOTED_INCLUDE_IN_FRAMEWORK_HEADER = YES;
				CLANG_WARN_RANGE_LOOP_ANALYSIS = YES;
				CLANG_WARN_STRICT_PROTOTYPES = YES;
				CLANG_WARN_SUSPICIOUS_MOVE = YES;
				CLANG_WARN_UNGUARDED_AVAILABILITY = YES_AGGRESSIVE;
				CLANG_WARN_UNREACHABLE_CODE = YES;
				CLANG_WARN__DUPLICATE_METHOD_MATCH = YES;
				COPY_PHASE_STRIP = NO;
				DEBUG_INFORMATION_FORMAT = "dwarf-with-dsym";
				ENABLE_NS_ASSERTIONS = NO;
				ENABLE_STRICT_OBJC_MSGSEND = YES;
				ENABLE_USER_SCRIPT_SANDBOXING = YES;
				GCC_C_LANGUAGE_STANDARD = gnu17;
				GCC_NO_COMMON_BLOCKS = YES;
				GCC_WARN_64_TO_32_BIT_CONVERSION = YES;
				GCC_WARN_ABOUT_RETURN_TYPE = YES_ERROR;
				GCC_WARN_UNDECLARED_SELECTOR = YES;
				GCC_WARN_UNINITIALIZED_AUTOS = YES_AGGRESSIVE;
				GCC_WARN_UNUSED_FUNCTION = YES;
				GCC_WARN_UNUSED_VARIABLE = YES;
				LOCALIZATION_PREFERS_STRING_CATALOGS = YES;
				MACOSX_DEPLOYMENT_TARGET = 27.0;
				MTL_ENABLE_DEBUG_INFO = NO;
				MTL_FAST_MATH = YES;
				SDKROOT = macosx;
				SWIFT_COMPILATION_MODE = wholemodule;
			};
			name = Release;
		};
		FF3FDD7F300B6A7600112486 /* Debug configuration for PBXNativeTarget "zshell" */ = {
			isa = XCBuildConfiguration;
			baseConfigurationReference = AA50000000000000000000A0 /* Debug.xcconfig */;
			buildSettings = {
				ASSETCATALOG_COMPILER_APPICON_NAME = AppIconDebug;
				ASSETCATALOG_COMPILER_GLOBAL_ACCENT_COLOR_NAME = AccentColor;
				CODE_SIGN_ENTITLEMENTS = zshell/zshell.entitlements;
				CODE_SIGN_STYLE = Automatic;
				COMBINE_HIDPI_IMAGES = YES;
				CURRENT_PROJECT_VERSION = 1;
				ENABLE_APP_SANDBOX = NO;
				ENABLE_HARDENED_RUNTIME = YES;
				ENABLE_PREVIEWS = YES;
				GENERATE_INFOPLIST_FILE = NO;
				HEADER_SEARCH_PATHS = (
					"$(inherited)",
					"$(SRCROOT)/Vendor/alacritty-bridge/include",
				);
				INFOPLIST_FILE = zshell/Info.plist;
				ZSHELL_DISPLAY_NAME = "zshell Debug";
				LD_RUNPATH_SEARCH_PATHS = (
					"$(inherited)",
					"@executable_path/../Frameworks",
				);
				LIBRARY_SEARCH_PATHS = (
					"$(inherited)",
					"$(BUILT_PRODUCTS_DIR)/alacritty-bridge",
				);
				MACOSX_DEPLOYMENT_TARGET = 15.6;
				MARKETING_VERSION = 0.0.1;
				OTHER_LDFLAGS = (
					"$(inherited)",
					"-lzshell_alacritty",
				);
				PRODUCT_BUNDLE_IDENTIFIER = sh.zshell.dev;
				PRODUCT_NAME = zshell;
				REGISTER_APP_GROUPS = YES;
				STRING_CATALOG_GENERATE_SYMBOLS = YES;
				SWIFT_APPROACHABLE_CONCURRENCY = YES;
				SWIFT_DEFAULT_ACTOR_ISOLATION = MainActor;
				SWIFT_EMIT_LOC_STRINGS = YES;
				SWIFT_OBJC_BRIDGING_HEADER = "zshell/zshell-Bridging-Header.h";
				SWIFT_UPCOMING_FEATURE_MEMBER_IMPORT_VISIBILITY = YES;
				SWIFT_VERSION = 5.0;
				WRAPPER_NAME = "$(ZSHELL_DISPLAY_NAME).app";
			};
			name = Debug;
		};
		FF3FDD80300B6A7600112486 /* Release configuration for PBXNativeTarget "zshell" */ = {
			isa = XCBuildConfiguration;
			buildSettings = {
				ASSETCATALOG_COMPILER_APPICON_NAME = AppIcon;
				ASSETCATALOG_COMPILER_GLOBAL_ACCENT_COLOR_NAME = AccentColor;
				CODE_SIGN_ENTITLEMENTS = zshell/zshell.entitlements;
				CODE_SIGN_STYLE = Automatic;
				COMBINE_HIDPI_IMAGES = YES;
				CURRENT_PROJECT_VERSION = 1;
				ENABLE_APP_SANDBOX = NO;
				ENABLE_HARDENED_RUNTIME = YES;
				ENABLE_PREVIEWS = YES;
				GENERATE_INFOPLIST_FILE = NO;
				HEADER_SEARCH_PATHS = (
					"$(inherited)",
					"$(SRCROOT)/Vendor/alacritty-bridge/include",
				);
				INFOPLIST_FILE = zshell/Info.plist;
				ZSHELL_DISPLAY_NAME = zshell;
				LD_RUNPATH_SEARCH_PATHS = (
					"$(inherited)",
					"@executable_path/../Frameworks",
				);
				LIBRARY_SEARCH_PATHS = (
					"$(inherited)",
					"$(BUILT_PRODUCTS_DIR)/alacritty-bridge",
				);
				MACOSX_DEPLOYMENT_TARGET = 15.6;
				MARKETING_VERSION = 0.0.1;
				OTHER_LDFLAGS = (
					"$(inherited)",
					"-lzshell_alacritty",
				);
				PRODUCT_BUNDLE_IDENTIFIER = sh.zshell;
				PRODUCT_NAME = zshell;
				REGISTER_APP_GROUPS = YES;
				STRING_CATALOG_GENERATE_SYMBOLS = YES;
				SWIFT_APPROACHABLE_CONCURRENCY = YES;
				SWIFT_DEFAULT_ACTOR_ISOLATION = MainActor;
				SWIFT_EMIT_LOC_STRINGS = YES;
				SWIFT_OBJC_BRIDGING_HEADER = "zshell/zshell-Bridging-Header.h";
				SWIFT_UPCOMING_FEATURE_MEMBER_IMPORT_VISIBILITY = YES;
				SWIFT_VERSION = 5.0;
				WRAPPER_NAME = "$(ZSHELL_DISPLAY_NAME).app";
			};
			name = Release;
		};
/* End XCBuildConfiguration section */

/* Begin XCConfigurationList section */
		FF3FDD6E300B6A7400112486 /* Build configuration list for PBXProject "zshell" */ = {
			isa = XCConfigurationList;
			buildConfigurations = (
				FF3FDD7C300B6A7600112486 /* Debug configuration for PBXProject "zshell" */,
				FF3FDD7D300B6A7600112486 /* Release configuration for PBXProject "zshell" */,
			);
			defaultConfigurationName = Release;
		};
		FF3FDD7E300B6A7600112486 /* Build configuration list for PBXNativeTarget "zshell" */ = {
			isa = XCConfigurationList;
			buildConfigurations = (
				FF3FDD7F300B6A7600112486 /* Debug configuration for PBXNativeTarget "zshell" */,
				FF3FDD80300B6A7600112486 /* Release configuration for PBXNativeTarget "zshell" */,
			);
			defaultConfigurationName = Release;
		};
/* End XCConfigurationList section */

/* Begin XCLocalSwiftPackageReference section */
		AA10000000000000000000B0 /* XCLocalSwiftPackageReference "Vendor/libghostty-spm" */ = {
			isa = XCLocalSwiftPackageReference;
			relativePath = "Vendor/libghostty-spm";
		};
		AA30000000000000000000A0 /* XCLocalSwiftPackageReference "Vendor/TreeSitterTSX" */ = {
			isa = XCLocalSwiftPackageReference;
			relativePath = Vendor/TreeSitterTSX;
		};
		AA10000000000000000000D0 /* XCLocalSwiftPackageReference "Vendor/PierreDiffsSwift" */ = {
			isa = XCLocalSwiftPackageReference;
			relativePath = Vendor/PierreDiffsSwift;
		};
		AA10000000000000000000E0 /* XCLocalSwiftPackageReference "Vendor/Sparkle" */ = {
			isa = XCLocalSwiftPackageReference;
			relativePath = Vendor/Sparkle;
		};
		AA20000000000000000000A0 /* XCLocalSwiftPackageReference "Vendor/STTextView-Plugin-Neon" */ = {
			isa = XCLocalSwiftPackageReference;
			relativePath = Vendor/STTextView-Plugin-Neon;
		};
		AA60000000000000000000A0 /* XCLocalSwiftPackageReference "Vendor/FuzzyMatch" */ = {
			isa = XCLocalSwiftPackageReference;
			relativePath = Vendor/FuzzyMatch;
		};
/* End XCLocalSwiftPackageReference section */

/* Begin XCSwiftPackageProductDependency section */
		AA10000000000000000000B1 /* GhosttyTerminal */ = {
			isa = XCSwiftPackageProductDependency;
			productName = GhosttyTerminal;
		};
		AA10000000000000000000B3 /* GhosttyTheme */ = {
			isa = XCSwiftPackageProductDependency;
			productName = GhosttyTheme;
		};
		AA10000000000000000000C1 /* STTextView */ = {
			isa = XCSwiftPackageProductDependency;
			productName = STTextView;
		};
		AA10000000000000000000D1 /* PierreDiffsSwift */ = {
			isa = XCSwiftPackageProductDependency;
			productName = PierreDiffsSwift;
		};
		AA10000000000000000000E1 /* Sparkle */ = {
			isa = XCSwiftPackageProductDependency;
			productName = Sparkle;
		};
		AA20000000000000000000A1 /* STTextView-Plugin-Neon */ = {
			isa = XCSwiftPackageProductDependency;
			productName = "STTextView-Plugin-Neon";
		};
		AA30000000000000000000A1 /* TreeSitterTSX */ = {
			isa = XCSwiftPackageProductDependency;
			productName = TreeSitterTSX;
		};
		AA60000000000000000000A1 /* FuzzyMatch */ = {
			isa = XCSwiftPackageProductDependency;
			productName = FuzzyMatch;
		};
/* End XCSwiftPackageProductDependency section */
	};
	rootObject = FF3FDD6B300B6A7400112486 /* Project object */;
	validationLevel = 1;
}
